
Microsoft Visual Studio Solution File, Format Version 12.00
# Visual Studio Version 16
VisualStudioVersion = 16.0.29911.84
MinimumVisualStudioVersion = 10.0.40219.1
Project("{FAE04EC0-301F-11D3-BF4B-00C04F79EFBC}") = "OctoBadger.Caching", "OctoBadger.Caching\OctoBadger.Caching.csproj", "{DAB48CF6-D953-4D47-BA32-668AA35F0763}"
EndProject
Project("{FAE04EC0-301F-11D3-BF4B-00C04F79EFBC}") = "OctoBadger.Caching.Tests", "OctoBadger.Caching.Tests\OctoBadger.Caching.Tests.csproj", "{A9A69B15-632E-4DFF-B94B-CD7DCC410D41}"
EndProject
Global
	GlobalSection(SolutionConfigurationPlatforms) = preSolution
		Debug|Any CPU = Debug|Any CPU
		Release|Any CPU = Release|Any CPU
	EndGlobalSection
	GlobalSection(ProjectConfigurationPlatforms) = postSolution
		{DAB48CF6-D953-4D47-BA32-668AA35F0763}.Debug|Any CPU.ActiveCfg = Debug|Any CPU
		{DAB48CF6-D953-4D47-BA32-668AA35F0763}.Debug|Any CPU.Build.0 = Debug|Any CPU
		{DAB48CF6-D953-4D47-BA32-668AA35F0763}.Release|Any CPU.ActiveCfg = Release|Any CPU
		{DAB48CF6-D953-4D47-BA32-668AA35F0763}.Release|Any CPU.Build.0 = Release|Any CPU
		{A9A69B15-632E-4DFF-B94B-CD7DCC410D41}.Debug|Any CPU.ActiveCfg = Debug|Any CPU
		{A9A69B15-632E-4DFF-B94B-CD7DCC410D41}.Debug|Any CPU.Build.0 = Debug|Any CPU
		{A9A69B15-632E-4DFF-B94B-CD7DCC410D41}.Release|Any CPU.ActiveCfg = Release|Any CPU
		{A9A69B15-632E-4DFF-B94B-CD7DCC410D41}.Release|Any CPU.Build.0 = Release|Any CPU
	EndGlobalSection
	GlobalSection(SolutionProperties) = preSolution
		HideSolutionNode = FALSE
	EndGlobalSection
	GlobalSection(ExtensibilityGlobals) = postSolution
		SolutionGuid = {B8381A64-C223-44CC-9D11-7A4085D74D22}
	EndGlobalSection
EndGlobal
